<?xml version="1.0" encoding="utf-8"?>
<Project ToolsVersion="4.0" xmlns="http://schemas.microsoft.com/developer/msbuild/2003">
  <ItemGroup>
    <Filter Include="Resource Files">
      <UniqueIdentifier>{67DA6AB6-F800-4c08-8B7A-83BB121AAD01}</UniqueIdentifier>
      <Extensions>rc;ico;cur;bmp;dlg;rc2;rct;bin;rgs;gif;jpg;jpeg;jpe;resx;tiff;tif;png;wav;mfcribbon-ms</Extensions>
    </Filter>
    <Filter Include="rememberCpp">
      <UniqueIdentifier>{d3615c98-4edd-4779-a346-5b6927a78dcc}</UniqueIdentifier>
    </Filter>
    <Filter Include="lessons">
      <UniqueIdentifier>{e4fe06bd-5e4b-44f5-8562-9029bb84e2a1}</UniqueIdentifier>
    </Filter>
  </ItemGroup>
  <ItemGroup>
    <ClCompile Include="..\rememberCpp\rememberCpp.cpp">
      <Filter>rememberCpp</Filter>
    </ClCompile>
    <ClCompile Include="..\rememberCpp\printCode.ixx">
      <Filter>rememberCpp</Filter>
    </ClCompile>
    <ClCompile Include="..\rememberCpp\lessons.ixx">
      <Filter>rememberCpp</Filter>
    </ClCompile>
    <ClCompile Include="..\rememberCpp\conceptsLessons.ixx">
      <Filter>lessons</Filter>
    </ClCompile>
    <ClCompile Include="..\rememberCpp\scopeLessons.ixx">
      <Filter>lessons</Filter>
    </ClCompile>
  </ItemGroup>
</Project>